
Microsoft Visual Studio Solution File, Format Version 12.00
# Visual Studio Version 16
VisualStudioVersion = 16.0.31019.35
MinimumVisualStudioVersion = 10.0.40219.1
Project("{FAE04EC0-301F-11D3-BF4B-00C04F79EFBC}") = "CaroGame", "CaroGame\CaroGame.csproj", "{A8C021AF-9E83-4E8B-9BC7-71EA9F6EB112}"
EndProject
Global
	GlobalSection(SolutionConfigurationPlatforms) = preSolution
		Debug|Any CPU = Debug|Any CPU
		Release|Any CPU = Release|Any CPU
	EndGlobalSection
	GlobalSection(ProjectConfigurationPlatforms) = postSolution
		{A8C021AF-9E83-4E8B-9BC7-71EA9F6EB112}.Debug|Any CPU.ActiveCfg = Debug|Any CPU
		{A8C021AF-9E83-4E8B-9BC7-71EA9F6EB112}.Debug|Any CPU.Build.0 = Debug|Any CPU
		{A8C021AF-9E83-4E8B-9BC7-71EA9F6EB112}.Release|Any CPU.ActiveCfg = Release|Any CPU
		{A8C021AF-9E83-4E8B-9BC7-71EA9F6EB112}.Release|Any CPU.Build.0 = Release|Any CPU
	EndGlobalSection
	GlobalSection(SolutionProperties) = preSolution
		HideSolutionNode = FALSE
	EndGlobalSection
	GlobalSection(ExtensibilityGlobals) = postSolution
		SolutionGuid = {B4D9196C-4AD5-4C3B-B194-57765F47333D}
	EndGlobalSection
EndGlobal
